
Microsoft Visual Studio Solution File, Format Version 12.00
# Visual Studio Version 16
VisualStudioVersion = 16.0.30320.27
MinimumVisualStudioVersion = 10.0.40219.1
Project("{FAE04EC0-301F-11D3-BF4B-00C04F79EFBC}") = "Rivals", "Rivals\Rivals.csproj", "{21320714-5FA5-42D5-8169-144976FB17BC}"
EndProject
Global
	GlobalSection(SolutionConfigurationPlatforms) = preSolution
		Debug|Any CPU = Debug|Any CPU
		Release|Any CPU = Release|Any CPU
	EndGlobalSection
	GlobalSection(ProjectConfigurationPlatforms) = postSolution
		{21320714-5FA5-42D5-8169-144976FB17BC}.Debug|Any CPU.ActiveCfg = Debug|Any CPU
		{21320714-5FA5-42D5-8169-144976FB17BC}.Debug|Any CPU.Build.0 = Debug|Any CPU
		{21320714-5FA5-42D5-8169-144976FB17BC}.Release|Any CPU.ActiveCfg = Release|Any CPU
		{21320714-5FA5-42D5-8169-144976FB17BC}.Release|Any CPU.Build.0 = Release|Any CPU
	EndGlobalSection
	GlobalSection(SolutionProperties) = preSolution
		HideSolutionNode = FALSE
	EndGlobalSection
	GlobalSection(ExtensibilityGlobals) = postSolution
		SolutionGuid = {1D1CCC59-4F3A-4408-A4F7-0C3927BADECC}
	EndGlobalSection
EndGlobal
